
Microsoft Visual Studio Solution File, Format Version 12.00
# Visual Studio 14
VisualStudioVersion = 14.0.25420.1
MinimumVisualStudioVersion = 10.0.40219.1
Project("{FAE04EC0-301F-11D3-BF4B-00C04F79EFBC}") = "DoubleBrowser", "DoubleBrowser\DoubleBrowser.csproj", "{7506D964-2A6B-48A2-8CE7-81B9E587F3CC}"
EndProject
Global
	GlobalSection(SolutionConfigurationPlatforms) = preSolution
		Debug|Any CPU = Debug|Any CPU
		Release|Any CPU = Release|Any CPU
	EndGlobalSection
	GlobalSection(ProjectConfigurationPlatforms) = postSolution
		{7506D964-2A6B-48A2-8CE7-81B9E587F3CC}.Debug|Any CPU.ActiveCfg = Debug|Any CPU
		{7506D964-2A6B-48A2-8CE7-81B9E587F3CC}.Debug|Any CPU.Build.0 = Debug|Any CPU
		{7506D964-2A6B-48A2-8CE7-81B9E587F3CC}.Release|Any CPU.ActiveCfg = Release|Any CPU
		{7506D964-2A6B-48A2-8CE7-81B9E587F3CC}.Release|Any CPU.Build.0 = Release|Any CPU
	EndGlobalSection
	GlobalSection(SolutionProperties) = preSolution
		HideSolutionNode = FALSE
	EndGlobalSection
EndGlobal
